
Microsoft Visual Studio Solution File, Format Version 12.00
Project("{FAE04EC0-301F-11D3-BF4B-00C04F79EFBC}") = "Homework1", "Homework1\Homework1.csproj", "{FD3D3184-4CFD-403D-992D-2B2AFE2E5A65}"
EndProject
Project("{FAE04EC0-301F-11D3-BF4B-00C04F79EFBC}") = "Tests", "..\Tests\Tests.csproj", "{6A2351A2-BC5F-42EA-8406-BE0C30E97AC7}"
EndProject
Global
	GlobalSection(SolutionConfigurationPlatforms) = preSolution
		Debug|Any CPU = Debug|Any CPU
		Release|Any CPU = Release|Any CPU
	EndGlobalSection
	GlobalSection(ProjectConfigurationPlatforms) = postSolution
		{FD3D3184-4CFD-403D-992D-2B2AFE2E5A65}.Debug|Any CPU.ActiveCfg = Debug|Any CPU
		{FD3D3184-4CFD-403D-992D-2B2AFE2E5A65}.Debug|Any CPU.Build.0 = Debug|Any CPU
		{FD3D3184-4CFD-403D-992D-2B2AFE2E5A65}.Release|Any CPU.ActiveCfg = Release|Any CPU
		{FD3D3184-4CFD-403D-992D-2B2AFE2E5A65}.Release|Any CPU.Build.0 = Release|Any CPU
		{6A2351A2-BC5F-42EA-8406-BE0C30E97AC7}.Debug|Any CPU.ActiveCfg = Debug|Any CPU
		{6A2351A2-BC5F-42EA-8406-BE0C30E97AC7}.Debug|Any CPU.Build.0 = Debug|Any CPU
		{6A2351A2-BC5F-42EA-8406-BE0C30E97AC7}.Release|Any CPU.ActiveCfg = Release|Any CPU
		{6A2351A2-BC5F-42EA-8406-BE0C30E97AC7}.Release|Any CPU.Build.0 = Release|Any CPU
	EndGlobalSection
EndGlobal
